
Microsoft Visual Studio Solution File, Format Version 12.00
# Visual Studio 15
VisualStudioVersion = 15.0.26228.4
MinimumVisualStudioVersion = 10.0.40219.1
Project("{9A19103F-16F7-4668-BE54-9A1E7A4F7556}") = "DWx.API", "DWx.API\DWx.API.csproj", "{8BC16FD7-4D7F-4562-9AB5-F75CC0CEF6FF}"
EndProject
Project("{9A19103F-16F7-4668-BE54-9A1E7A4F7556}") = "DWx.Webb", "DWx.Webb\DWx.Webb.csproj", "{F7EBD11C-44AB-41BE-A69F-7BC12D098419}"
EndProject
Project("{9A19103F-16F7-4668-BE54-9A1E7A4F7556}") = "DWx.Repository", "DWx.Repository\DWx.Repository.csproj", "{EEF83F7C-0A95-4427-903A-1112CD00E090}"
EndProject
Global
	GlobalSection(SolutionConfigurationPlatforms) = preSolution
		Debug|Any CPU = Debug|Any CPU
		Release|Any CPU = Release|Any CPU
	EndGlobalSection
	GlobalSection(ProjectConfigurationPlatforms) = postSolution
		{8BC16FD7-4D7F-4562-9AB5-F75CC0CEF6FF}.Debug|Any CPU.ActiveCfg = Debug|Any CPU
		{8BC16FD7-4D7F-4562-9AB5-F75CC0CEF6FF}.Debug|Any CPU.Build.0 = Debug|Any CPU
		{8BC16FD7-4D7F-4562-9AB5-F75CC0CEF6FF}.Release|Any CPU.ActiveCfg = Release|Any CPU
		{8BC16FD7-4D7F-4562-9AB5-F75CC0CEF6FF}.Release|Any CPU.Build.0 = Release|Any CPU
		{F7EBD11C-44AB-41BE-A69F-7BC12D098419}.Debug|Any CPU.ActiveCfg = Debug|Any CPU
		{F7EBD11C-44AB-41BE-A69F-7BC12D098419}.Debug|Any CPU.Build.0 = Debug|Any CPU
		{F7EBD11C-44AB-41BE-A69F-7BC12D098419}.Release|Any CPU.ActiveCfg = Release|Any CPU
		{F7EBD11C-44AB-41BE-A69F-7BC12D098419}.Release|Any CPU.Build.0 = Release|Any CPU
		{EEF83F7C-0A95-4427-903A-1112CD00E090}.Debug|Any CPU.ActiveCfg = Debug|Any CPU
		{EEF83F7C-0A95-4427-903A-1112CD00E090}.Debug|Any CPU.Build.0 = Debug|Any CPU
		{EEF83F7C-0A95-4427-903A-1112CD00E090}.Release|Any CPU.ActiveCfg = Release|Any CPU
		{EEF83F7C-0A95-4427-903A-1112CD00E090}.Release|Any CPU.Build.0 = Release|Any CPU
	EndGlobalSection
	GlobalSection(SolutionProperties) = preSolution
		HideSolutionNode = FALSE
	EndGlobalSection
EndGlobal
